
Microsoft Visual Studio Solution File, Format Version 12.00
# Visual Studio Version 16
VisualStudioVersion = 16.0.29709.97
MinimumVisualStudioVersion = 10.0.40219.1
Project("{FAE04EC0-301F-11D3-BF4B-00C04F79EFBC}") = "Singleton", "Singleton\Singleton.csproj", "{0423FF6A-2032-4E91-817A-B23B7090988B}"
EndProject
Project("{FAE04EC0-301F-11D3-BF4B-00C04F79EFBC}") = "AbstractFactory", "AbstractFactory\AbstractFactory.csproj", "{D3DCEF93-1127-49A1-A315-6C47E511B8BF}"
EndProject
Project("{FAE04EC0-301F-11D3-BF4B-00C04F79EFBC}") = "Observer", "Observer\Observer.csproj", "{8A908FA8-F4F5-4C04-A3FA-BC356EE359A8}"
EndProject
Project("{FAE04EC0-301F-11D3-BF4B-00C04F79EFBC}") = "Decorator", "Decorator\Decorator.csproj", "{EA9F7595-9BF5-41E4-BA16-D1A506C07787}"
EndProject
Project("{FAE04EC0-301F-11D3-BF4B-00C04F79EFBC}") = "Adapter", "Adapter\Adapter.csproj", "{C32487AF-F1E4-41A7-90B5-E462ACAF8655}"
EndProject
Project("{FAE04EC0-301F-11D3-BF4B-00C04F79EFBC}") = "ForeignCashMachine", "Adapter\ForeignCashMachine\ForeignCashMachine.csproj", "{694AB506-1381-4C65-B313-8C1D1E6A4F62}"
EndProject
Project("{FAE04EC0-301F-11D3-BF4B-00C04F79EFBC}") = "DI", "DI\DI.csproj", "{1E0547E1-EB1D-4EF5-B0EE-4DEE54EAC0F5}"
EndProject
Project("{FAE04EC0-301F-11D3-BF4B-00C04F79EFBC}") = "Mediator", "Mediator\Mediator.csproj", "{01D86A15-3C90-41D1-9A49-06C2AE85555F}"
EndProject
Project("{FAE04EC0-301F-11D3-BF4B-00C04F79EFBC}") = "Strategy", "Strategy\Strategy.csproj", "{2152FB78-10BF-4FB6-BEBE-A4B1CC91CD6B}"
EndProject
Project("{FAE04EC0-301F-11D3-BF4B-00C04F79EFBC}") = "TemplateMethod", "TemplateMethod\TemplateMethod.csproj", "{FB124DF6-76AD-4110-947C-DEE880208BF7}"
EndProject
Project("{FAE04EC0-301F-11D3-BF4B-00C04F79EFBC}") = "FactoryMethod", "FactoryMethod\FactoryMethod.csproj", "{5D99B4DE-F1A3-4C45-9029-E9C62402158A}"
EndProject
Project("{FAE04EC0-301F-11D3-BF4B-00C04F79EFBC}") = "Prototype", "Prototype\Prototype.csproj", "{CF11E933-FF64-4A5F-811C-9FE675C2C4CC}"
EndProject
Project("{FAE04EC0-301F-11D3-BF4B-00C04F79EFBC}") = "Builder", "Builder\Builder.csproj", "{F1F969C0-FE21-4DF6-A795-08A6CCC5F392}"
EndProject
Project("{FAE04EC0-301F-11D3-BF4B-00C04F79EFBC}") = "Memento", "Memento\Memento.csproj", "{6EA28AD0-0329-4AF7-8D30-C42F5E710FAE}"
EndProject
Project("{FAE04EC0-301F-11D3-BF4B-00C04F79EFBC}") = "State", "State\State.csproj", "{4965A7A3-88BD-449B-ABB2-B97928E959EB}"
EndProject
Global
	GlobalSection(SolutionConfigurationPlatforms) = preSolution
		Debug|Any CPU = Debug|Any CPU
		Release|Any CPU = Release|Any CPU
	EndGlobalSection
	GlobalSection(ProjectConfigurationPlatforms) = postSolution
		{0423FF6A-2032-4E91-817A-B23B7090988B}.Debug|Any CPU.ActiveCfg = Debug|Any CPU
		{0423FF6A-2032-4E91-817A-B23B7090988B}.Debug|Any CPU.Build.0 = Debug|Any CPU
		{0423FF6A-2032-4E91-817A-B23B7090988B}.Release|Any CPU.ActiveCfg = Release|Any CPU
		{0423FF6A-2032-4E91-817A-B23B7090988B}.Release|Any CPU.Build.0 = Release|Any CPU
		{D3DCEF93-1127-49A1-A315-6C47E511B8BF}.Debug|Any CPU.ActiveCfg = Debug|Any CPU
		{D3DCEF93-1127-49A1-A315-6C47E511B8BF}.Debug|Any CPU.Build.0 = Debug|Any CPU
		{D3DCEF93-1127-49A1-A315-6C47E511B8BF}.Release|Any CPU.ActiveCfg = Release|Any CPU
		{D3DCEF93-1127-49A1-A315-6C47E511B8BF}.Release|Any CPU.Build.0 = Release|Any CPU
		{8A908FA8-F4F5-4C04-A3FA-BC356EE359A8}.Debug|Any CPU.ActiveCfg = Debug|Any CPU
		{8A908FA8-F4F5-4C04-A3FA-BC356EE359A8}.Debug|Any CPU.Build.0 = Debug|Any CPU
		{8A908FA8-F4F5-4C04-A3FA-BC356EE359A8}.Release|Any CPU.ActiveCfg = Release|Any CPU
		{8A908FA8-F4F5-4C04-A3FA-BC356EE359A8}.Release|Any CPU.Build.0 = Release|Any CPU
		{EA9F7595-9BF5-41E4-BA16-D1A506C07787}.Debug|Any CPU.ActiveCfg = Debug|Any CPU
		{EA9F7595-9BF5-41E4-BA16-D1A506C07787}.Debug|Any CPU.Build.0 = Debug|Any CPU
		{EA9F7595-9BF5-41E4-BA16-D1A506C07787}.Release|Any CPU.ActiveCfg = Release|Any CPU
		{EA9F7595-9BF5-41E4-BA16-D1A506C07787}.Release|Any CPU.Build.0 = Release|Any CPU
		{C32487AF-F1E4-41A7-90B5-E462ACAF8655}.Debug|Any CPU.ActiveCfg = Debug|Any CPU
		{C32487AF-F1E4-41A7-90B5-E462ACAF8655}.Debug|Any CPU.Build.0 = Debug|Any CPU
		{C32487AF-F1E4-41A7-90B5-E462ACAF8655}.Release|Any CPU.ActiveCfg = Release|Any CPU
		{C32487AF-F1E4-41A7-90B5-E462ACAF8655}.Release|Any CPU.Build.0 = Release|Any CPU
		{694AB506-1381-4C65-B313-8C1D1E6A4F62}.Debug|Any CPU.ActiveCfg = Debug|Any CPU
		{694AB506-1381-4C65-B313-8C1D1E6A4F62}.Debug|Any CPU.Build.0 = Debug|Any CPU
		{694AB506-1381-4C65-B313-8C1D1E6A4F62}.Release|Any CPU.ActiveCfg = Release|Any CPU
		{694AB506-1381-4C65-B313-8C1D1E6A4F62}.Release|Any CPU.Build.0 = Release|Any CPU
		{1E0547E1-EB1D-4EF5-B0EE-4DEE54EAC0F5}.Debug|Any CPU.ActiveCfg = Debug|Any CPU
		{1E0547E1-EB1D-4EF5-B0EE-4DEE54EAC0F5}.Debug|Any CPU.Build.0 = Debug|Any CPU
		{1E0547E1-EB1D-4EF5-B0EE-4DEE54EAC0F5}.Release|Any CPU.ActiveCfg = Release|Any CPU
		{1E0547E1-EB1D-4EF5-B0EE-4DEE54EAC0F5}.Release|Any CPU.Build.0 = Release|Any CPU
		{01D86A15-3C90-41D1-9A49-06C2AE85555F}.Debug|Any CPU.ActiveCfg = Debug|Any CPU
		{01D86A15-3C90-41D1-9A49-06C2AE85555F}.Debug|Any CPU.Build.0 = Debug|Any CPU
		{01D86A15-3C90-41D1-9A49-06C2AE85555F}.Release|Any CPU.ActiveCfg = Release|Any CPU
		{01D86A15-3C90-41D1-9A49-06C2AE85555F}.Release|Any CPU.Build.0 = Release|Any CPU
		{2152FB78-10BF-4FB6-BEBE-A4B1CC91CD6B}.Debug|Any CPU.ActiveCfg = Debug|Any CPU
		{2152FB78-10BF-4FB6-BEBE-A4B1CC91CD6B}.Debug|Any CPU.Build.0 = Debug|Any CPU
		{2152FB78-10BF-4FB6-BEBE-A4B1CC91CD6B}.Release|Any CPU.ActiveCfg = Release|Any CPU
		{2152FB78-10BF-4FB6-BEBE-A4B1CC91CD6B}.Release|Any CPU.Build.0 = Release|Any CPU
		{FB124DF6-76AD-4110-947C-DEE880208BF7}.Debug|Any CPU.ActiveCfg = Debug|Any CPU
		{FB124DF6-76AD-4110-947C-DEE880208BF7}.Debug|Any CPU.Build.0 = Debug|Any CPU
		{FB124DF6-76AD-4110-947C-DEE880208BF7}.Release|Any CPU.ActiveCfg = Release|Any CPU
		{FB124DF6-76AD-4110-947C-DEE880208BF7}.Release|Any CPU.Build.0 = Release|Any CPU
		{5D99B4DE-F1A3-4C45-9029-E9C62402158A}.Debug|Any CPU.ActiveCfg = Debug|Any CPU
		{5D99B4DE-F1A3-4C45-9029-E9C62402158A}.Debug|Any CPU.Build.0 = Debug|Any CPU
		{5D99B4DE-F1A3-4C45-9029-E9C62402158A}.Release|Any CPU.ActiveCfg = Release|Any CPU
		{5D99B4DE-F1A3-4C45-9029-E9C62402158A}.Release|Any CPU.Build.0 = Release|Any CPU
		{CF11E933-FF64-4A5F-811C-9FE675C2C4CC}.Debug|Any CPU.ActiveCfg = Debug|Any CPU
		{CF11E933-FF64-4A5F-811C-9FE675C2C4CC}.Debug|Any CPU.Build.0 = Debug|Any CPU
		{CF11E933-FF64-4A5F-811C-9FE675C2C4CC}.Release|Any CPU.ActiveCfg = Release|Any CPU
		{CF11E933-FF64-4A5F-811C-9FE675C2C4CC}.Release|Any CPU.Build.0 = Release|Any CPU
		{F1F969C0-FE21-4DF6-A795-08A6CCC5F392}.Debug|Any CPU.ActiveCfg = Debug|Any CPU
		{F1F969C0-FE21-4DF6-A795-08A6CCC5F392}.Debug|Any CPU.Build.0 = Debug|Any CPU
		{F1F969C0-FE21-4DF6-A795-08A6CCC5F392}.Release|Any CPU.ActiveCfg = Release|Any CPU
		{F1F969C0-FE21-4DF6-A795-08A6CCC5F392}.Release|Any CPU.Build.0 = Release|Any CPU
		{6EA28AD0-0329-4AF7-8D30-C42F5E710FAE}.Debug|Any CPU.ActiveCfg = Debug|Any CPU
		{6EA28AD0-0329-4AF7-8D30-C42F5E710FAE}.Debug|Any CPU.Build.0 = Debug|Any CPU
		{6EA28AD0-0329-4AF7-8D30-C42F5E710FAE}.Release|Any CPU.ActiveCfg = Release|Any CPU
		{6EA28AD0-0329-4AF7-8D30-C42F5E710FAE}.Release|Any CPU.Build.0 = Release|Any CPU
		{4965A7A3-88BD-449B-ABB2-B97928E959EB}.Debug|Any CPU.ActiveCfg = Debug|Any CPU
		{4965A7A3-88BD-449B-ABB2-B97928E959EB}.Debug|Any CPU.Build.0 = Debug|Any CPU
		{4965A7A3-88BD-449B-ABB2-B97928E959EB}.Release|Any CPU.ActiveCfg = Release|Any CPU
		{4965A7A3-88BD-449B-ABB2-B97928E959EB}.Release|Any CPU.Build.0 = Release|Any CPU
	EndGlobalSection
	GlobalSection(SolutionProperties) = preSolution
		HideSolutionNode = FALSE
	EndGlobalSection
	GlobalSection(ExtensibilityGlobals) = postSolution
		SolutionGuid = {E0879C69-D91D-4C70-A8D3-545B11CE1F97}
	EndGlobalSection
EndGlobal
