
Microsoft Visual Studio Solution File, Format Version 12.00
# Visual Studio Version 16
VisualStudioVersion = 16.0.29709.97
MinimumVisualStudioVersion = 10.0.40219.1
Project("{FAE04EC0-301F-11D3-BF4B-00C04F79EFBC}") = "Singleton", "Singleton\Singleton.csproj", "{0423FF6A-2032-4E91-817A-B23B7090988B}"
EndProject
Project("{FAE04EC0-301F-11D3-BF4B-00C04F79EFBC}") = "AbstractFactory", "AbstractFactory\AbstractFactory.csproj", "{D3DCEF93-1127-49A1-A315-6C47E511B8BF}"
EndProject
Project("{FAE04EC0-301F-11D3-BF4B-00C04F79EFBC}") = "Observer", "Observer\Observer.csproj", "{8A908FA8-F4F5-4C04-A3FA-BC356EE359A8}"
EndProject
Project("{FAE04EC0-301F-11D3-BF4B-00C04F79EFBC}") = "Decorator", "Decorator\Decorator.csproj", "{EA9F7595-9BF5-41E4-BA16-D1A506C07787}"
EndProject
Project("{FAE04EC0-301F-11D3-BF4B-00C04F79EFBC}") = "Adapter", "Adapter\Adapter.csproj", "{C32487AF-F1E4-41A7-90B5-E462ACAF8655}"
EndProject
Project("{FAE04EC0-301F-11D3-BF4B-00C04F79EFBC}") = "ForeignCashMachine", "Adapter\ForeignCashMachine\ForeignCashMachine.csproj", "{694AB506-1381-4C65-B313-8C1D1E6A4F62}"
EndProject
Global
	GlobalSection(SolutionConfigurationPlatforms) = preSolution
		Debug|Any CPU = Debug|Any CPU
		Release|Any CPU = Release|Any CPU
	EndGlobalSection
	GlobalSection(ProjectConfigurationPlatforms) = postSolution
		{0423FF6A-2032-4E91-817A-B23B7090988B}.Debug|Any CPU.ActiveCfg = Debug|Any CPU
		{0423FF6A-2032-4E91-817A-B23B7090988B}.Debug|Any CPU.Build.0 = Debug|Any CPU
		{0423FF6A-2032-4E91-817A-B23B7090988B}.Release|Any CPU.ActiveCfg = Release|Any CPU
		{0423FF6A-2032-4E91-817A-B23B7090988B}.Release|Any CPU.Build.0 = Release|Any CPU
		{D3DCEF93-1127-49A1-A315-6C47E511B8BF}.Debug|Any CPU.ActiveCfg = Debug|Any CPU
		{D3DCEF93-1127-49A1-A315-6C47E511B8BF}.Debug|Any CPU.Build.0 = Debug|Any CPU
		{D3DCEF93-1127-49A1-A315-6C47E511B8BF}.Release|Any CPU.ActiveCfg = Release|Any CPU
		{D3DCEF93-1127-49A1-A315-6C47E511B8BF}.Release|Any CPU.Build.0 = Release|Any CPU
		{8A908FA8-F4F5-4C04-A3FA-BC356EE359A8}.Debug|Any CPU.ActiveCfg = Debug|Any CPU
		{8A908FA8-F4F5-4C04-A3FA-BC356EE359A8}.Debug|Any CPU.Build.0 = Debug|Any CPU
		{8A908FA8-F4F5-4C04-A3FA-BC356EE359A8}.Release|Any CPU.ActiveCfg = Release|Any CPU
		{8A908FA8-F4F5-4C04-A3FA-BC356EE359A8}.Release|Any CPU.Build.0 = Release|Any CPU
		{EA9F7595-9BF5-41E4-BA16-D1A506C07787}.Debug|Any CPU.ActiveCfg = Debug|Any CPU
		{EA9F7595-9BF5-41E4-BA16-D1A506C07787}.Debug|Any CPU.Build.0 = Debug|Any CPU
		{EA9F7595-9BF5-41E4-BA16-D1A506C07787}.Release|Any CPU.ActiveCfg = Release|Any CPU
		{EA9F7595-9BF5-41E4-BA16-D1A506C07787}.Release|Any CPU.Build.0 = Release|Any CPU
		{C32487AF-F1E4-41A7-90B5-E462ACAF8655}.Debug|Any CPU.ActiveCfg = Debug|Any CPU
		{C32487AF-F1E4-41A7-90B5-E462ACAF8655}.Debug|Any CPU.Build.0 = Debug|Any CPU
		{C32487AF-F1E4-41A7-90B5-E462ACAF8655}.Release|Any CPU.ActiveCfg = Release|Any CPU
		{C32487AF-F1E4-41A7-90B5-E462ACAF8655}.Release|Any CPU.Build.0 = Release|Any CPU
		{694AB506-1381-4C65-B313-8C1D1E6A4F62}.Debug|Any CPU.ActiveCfg = Debug|Any CPU
		{694AB506-1381-4C65-B313-8C1D1E6A4F62}.Debug|Any CPU.Build.0 = Debug|Any CPU
		{694AB506-1381-4C65-B313-8C1D1E6A4F62}.Release|Any CPU.ActiveCfg = Release|Any CPU
		{694AB506-1381-4C65-B313-8C1D1E6A4F62}.Release|Any CPU.Build.0 = Release|Any CPU
	EndGlobalSection
	GlobalSection(SolutionProperties) = preSolution
		HideSolutionNode = FALSE
	EndGlobalSection
	GlobalSection(ExtensibilityGlobals) = postSolution
		SolutionGuid = {E0879C69-D91D-4C70-A8D3-545B11CE1F97}
	EndGlobalSection
EndGlobal
