
Microsoft Visual Studio Solution File, Format Version 12.00
# Visual Studio Version 16
VisualStudioVersion = 16.0.29709.97
MinimumVisualStudioVersion = 10.0.40219.1
Project("{FAE04EC0-301F-11D3-BF4B-00C04F79EFBC}") = "Singleton", "Singleton\Singleton.csproj", "{0423FF6A-2032-4E91-817A-B23B7090988B}"
EndProject
Project("{FAE04EC0-301F-11D3-BF4B-00C04F79EFBC}") = "AbstractFactory", "AbstractFactory\AbstractFactory.csproj", "{D3DCEF93-1127-49A1-A315-6C47E511B8BF}"
EndProject
Project("{FAE04EC0-301F-11D3-BF4B-00C04F79EFBC}") = "Observer", "Observer\Observer.csproj", "{8A908FA8-F4F5-4C04-A3FA-BC356EE359A8}"
EndProject
Global
	GlobalSection(SolutionConfigurationPlatforms) = preSolution
		Debug|Any CPU = Debug|Any CPU
		Release|Any CPU = Release|Any CPU
	EndGlobalSection
	GlobalSection(ProjectConfigurationPlatforms) = postSolution
		{0423FF6A-2032-4E91-817A-B23B7090988B}.Debug|Any CPU.ActiveCfg = Debug|Any CPU
		{0423FF6A-2032-4E91-817A-B23B7090988B}.Debug|Any CPU.Build.0 = Debug|Any CPU
		{0423FF6A-2032-4E91-817A-B23B7090988B}.Release|Any CPU.ActiveCfg = Release|Any CPU
		{0423FF6A-2032-4E91-817A-B23B7090988B}.Release|Any CPU.Build.0 = Release|Any CPU
		{D3DCEF93-1127-49A1-A315-6C47E511B8BF}.Debug|Any CPU.ActiveCfg = Debug|Any CPU
		{D3DCEF93-1127-49A1-A315-6C47E511B8BF}.Debug|Any CPU.Build.0 = Debug|Any CPU
		{D3DCEF93-1127-49A1-A315-6C47E511B8BF}.Release|Any CPU.ActiveCfg = Release|Any CPU
		{D3DCEF93-1127-49A1-A315-6C47E511B8BF}.Release|Any CPU.Build.0 = Release|Any CPU
		{8A908FA8-F4F5-4C04-A3FA-BC356EE359A8}.Debug|Any CPU.ActiveCfg = Debug|Any CPU
		{8A908FA8-F4F5-4C04-A3FA-BC356EE359A8}.Debug|Any CPU.Build.0 = Debug|Any CPU
		{8A908FA8-F4F5-4C04-A3FA-BC356EE359A8}.Release|Any CPU.ActiveCfg = Release|Any CPU
		{8A908FA8-F4F5-4C04-A3FA-BC356EE359A8}.Release|Any CPU.Build.0 = Release|Any CPU
	EndGlobalSection
	GlobalSection(SolutionProperties) = preSolution
		HideSolutionNode = FALSE
	EndGlobalSection
	GlobalSection(ExtensibilityGlobals) = postSolution
		SolutionGuid = {E0879C69-D91D-4C70-A8D3-545B11CE1F97}
	EndGlobalSection
EndGlobal
